
Microsoft Visual Studio Solution File, Format Version 12.00
# Visual Studio Version 17
VisualStudioVersion = 17.1.32228.430
MinimumVisualStudioVersion = 10.0.40219.1
Project("{9A19103F-16F7-4668-BE54-9A1E7A4F7556}") = "EventSourcing", "EventSourcing\EventSourcing.csproj", "{B292E854-84D5-48B0-8320-3B37FACF5CE3}"
EndProject
Project("{9A19103F-16F7-4668-BE54-9A1E7A4F7556}") = "BlazorUI", "BlazorUI\BlazorUI.csproj", "{8170FFBB-25D2-4B66-8692-87284A6FB21A}"
EndProject
Project("{9A19103F-16F7-4668-BE54-9A1E7A4F7556}") = "DemoLib", "DemoLib\DemoLib.csproj", "{5A21FA35-0AE9-4D85-B013-6716B5DF4ABF}"
EndProject
Project("{FAE04EC0-301F-11D3-BF4B-00C04F79EFBC}") = "DemoApi", "DemoApi\DemoApi.csproj", "{60DF4AB5-243A-40F0-B420-AE7C4AA6A0F4}"
EndProject
Global
	GlobalSection(SolutionConfigurationPlatforms) = preSolution
		Debug|Any CPU = Debug|Any CPU
		Release|Any CPU = Release|Any CPU
	EndGlobalSection
	GlobalSection(ProjectConfigurationPlatforms) = postSolution
		{B292E854-84D5-48B0-8320-3B37FACF5CE3}.Debug|Any CPU.ActiveCfg = Debug|Any CPU
		{B292E854-84D5-48B0-8320-3B37FACF5CE3}.Debug|Any CPU.Build.0 = Debug|Any CPU
		{B292E854-84D5-48B0-8320-3B37FACF5CE3}.Release|Any CPU.ActiveCfg = Release|Any CPU
		{B292E854-84D5-48B0-8320-3B37FACF5CE3}.Release|Any CPU.Build.0 = Release|Any CPU
		{8170FFBB-25D2-4B66-8692-87284A6FB21A}.Debug|Any CPU.ActiveCfg = Debug|Any CPU
		{8170FFBB-25D2-4B66-8692-87284A6FB21A}.Debug|Any CPU.Build.0 = Debug|Any CPU
		{8170FFBB-25D2-4B66-8692-87284A6FB21A}.Release|Any CPU.ActiveCfg = Release|Any CPU
		{8170FFBB-25D2-4B66-8692-87284A6FB21A}.Release|Any CPU.Build.0 = Release|Any CPU
		{5A21FA35-0AE9-4D85-B013-6716B5DF4ABF}.Debug|Any CPU.ActiveCfg = Debug|Any CPU
		{5A21FA35-0AE9-4D85-B013-6716B5DF4ABF}.Debug|Any CPU.Build.0 = Debug|Any CPU
		{5A21FA35-0AE9-4D85-B013-6716B5DF4ABF}.Release|Any CPU.ActiveCfg = Release|Any CPU
		{5A21FA35-0AE9-4D85-B013-6716B5DF4ABF}.Release|Any CPU.Build.0 = Release|Any CPU
		{60DF4AB5-243A-40F0-B420-AE7C4AA6A0F4}.Debug|Any CPU.ActiveCfg = Debug|Any CPU
		{60DF4AB5-243A-40F0-B420-AE7C4AA6A0F4}.Debug|Any CPU.Build.0 = Debug|Any CPU
		{60DF4AB5-243A-40F0-B420-AE7C4AA6A0F4}.Release|Any CPU.ActiveCfg = Release|Any CPU
		{60DF4AB5-243A-40F0-B420-AE7C4AA6A0F4}.Release|Any CPU.Build.0 = Release|Any CPU
	EndGlobalSection
	GlobalSection(SolutionProperties) = preSolution
		HideSolutionNode = FALSE
	EndGlobalSection
	GlobalSection(ExtensibilityGlobals) = postSolution
		SolutionGuid = {BBB51317-5F25-4112-8774-918AF0854C11}
	EndGlobalSection
EndGlobal
