
Microsoft Visual Studio Solution File, Format Version 12.00
# Visual Studio Version 17
VisualStudioVersion = 17.1.32228.430
MinimumVisualStudioVersion = 10.0.40219.1
Project("{9A19103F-16F7-4668-BE54-9A1E7A4F7556}") = "BlazorUI", "BlazorUI\BlazorUI.csproj", "{8170FFBB-25D2-4B66-8692-87284A6FB21A}"
EndProject
Project("{9A19103F-16F7-4668-BE54-9A1E7A4F7556}") = "HP.Application", "HP.Application\HP.Application.csproj", "{5A21FA35-0AE9-4D85-B013-6716B5DF4ABF}"
EndProject
Project("{9A19103F-16F7-4668-BE54-9A1E7A4F7556}") = "HP.Api", "HP.Api\HP.Api.csproj", "{60DF4AB5-243A-40F0-B420-AE7C4AA6A0F4}"
EndProject
Project("{9A19103F-16F7-4668-BE54-9A1E7A4F7556}") = "HP.Infrastructure", "HP.Infrastructure\HP.Infrastructure.csproj", "{5F3C962C-5CDA-4724-86B4-66EF3BED698C}"
EndProject
Project("{9A19103F-16F7-4668-BE54-9A1E7A4F7556}") = "HP.Domain", "HP.Domain\HP.Domain.csproj", "{D5C3347D-A497-4EC4-B6F1-DF03CD5FA227}"
EndProject
Project("{9A19103F-16F7-4668-BE54-9A1E7A4F7556}") = "HP.UnitTest", "HP.UnitTest\HP.UnitTest.csproj", "{037E34F5-C62D-4F5F-AA76-FF7F541B2E44}"
EndProject
Project("{9A19103F-16F7-4668-BE54-9A1E7A4F7556}") = "HP.IntegrationTest", "HP.IntegrationTest\HP.IntegrationTest.csproj", "{6CCCEAB2-DF95-43F1-9376-20D3E190117E}"
EndProject
Project("{9A19103F-16F7-4668-BE54-9A1E7A4F7556}") = "HP.Shared", "HP.Shared\HP.Shared.csproj", "{645D8EDC-4FCF-47E0-AEB9-FB42BCB72E1C}"
EndProject
Project("{E53339B2-1760-4266-BCC7-CA923CBCF16C}") = "docker-compose", "docker-compose.dcproj", "{328F2A58-A16D-46A0-95E4-637A90948494}"
EndProject
Project("{9A19103F-16F7-4668-BE54-9A1E7A4F7556}") = "HP.GeneralUI", "HP.GeneralUI\HP.GeneralUI.csproj", "{A7319800-B110-4AEA-A2F9-BDC2CEFF781B}"
EndProject
Global
	GlobalSection(SolutionConfigurationPlatforms) = preSolution
		Debug|Any CPU = Debug|Any CPU
		Release|Any CPU = Release|Any CPU
	EndGlobalSection
	GlobalSection(ProjectConfigurationPlatforms) = postSolution
		{8170FFBB-25D2-4B66-8692-87284A6FB21A}.Debug|Any CPU.ActiveCfg = Debug|Any CPU
		{8170FFBB-25D2-4B66-8692-87284A6FB21A}.Debug|Any CPU.Build.0 = Debug|Any CPU
		{8170FFBB-25D2-4B66-8692-87284A6FB21A}.Release|Any CPU.ActiveCfg = Release|Any CPU
		{8170FFBB-25D2-4B66-8692-87284A6FB21A}.Release|Any CPU.Build.0 = Release|Any CPU
		{5A21FA35-0AE9-4D85-B013-6716B5DF4ABF}.Debug|Any CPU.ActiveCfg = Debug|Any CPU
		{5A21FA35-0AE9-4D85-B013-6716B5DF4ABF}.Debug|Any CPU.Build.0 = Debug|Any CPU
		{5A21FA35-0AE9-4D85-B013-6716B5DF4ABF}.Release|Any CPU.ActiveCfg = Release|Any CPU
		{5A21FA35-0AE9-4D85-B013-6716B5DF4ABF}.Release|Any CPU.Build.0 = Release|Any CPU
		{60DF4AB5-243A-40F0-B420-AE7C4AA6A0F4}.Debug|Any CPU.ActiveCfg = Debug|Any CPU
		{60DF4AB5-243A-40F0-B420-AE7C4AA6A0F4}.Debug|Any CPU.Build.0 = Debug|Any CPU
		{60DF4AB5-243A-40F0-B420-AE7C4AA6A0F4}.Release|Any CPU.ActiveCfg = Release|Any CPU
		{60DF4AB5-243A-40F0-B420-AE7C4AA6A0F4}.Release|Any CPU.Build.0 = Release|Any CPU
		{5F3C962C-5CDA-4724-86B4-66EF3BED698C}.Debug|Any CPU.ActiveCfg = Debug|Any CPU
		{5F3C962C-5CDA-4724-86B4-66EF3BED698C}.Debug|Any CPU.Build.0 = Debug|Any CPU
		{5F3C962C-5CDA-4724-86B4-66EF3BED698C}.Release|Any CPU.ActiveCfg = Release|Any CPU
		{5F3C962C-5CDA-4724-86B4-66EF3BED698C}.Release|Any CPU.Build.0 = Release|Any CPU
		{D5C3347D-A497-4EC4-B6F1-DF03CD5FA227}.Debug|Any CPU.ActiveCfg = Debug|Any CPU
		{D5C3347D-A497-4EC4-B6F1-DF03CD5FA227}.Debug|Any CPU.Build.0 = Debug|Any CPU
		{D5C3347D-A497-4EC4-B6F1-DF03CD5FA227}.Release|Any CPU.ActiveCfg = Release|Any CPU
		{D5C3347D-A497-4EC4-B6F1-DF03CD5FA227}.Release|Any CPU.Build.0 = Release|Any CPU
		{037E34F5-C62D-4F5F-AA76-FF7F541B2E44}.Debug|Any CPU.ActiveCfg = Debug|Any CPU
		{037E34F5-C62D-4F5F-AA76-FF7F541B2E44}.Debug|Any CPU.Build.0 = Debug|Any CPU
		{037E34F5-C62D-4F5F-AA76-FF7F541B2E44}.Release|Any CPU.ActiveCfg = Release|Any CPU
		{037E34F5-C62D-4F5F-AA76-FF7F541B2E44}.Release|Any CPU.Build.0 = Release|Any CPU
		{6CCCEAB2-DF95-43F1-9376-20D3E190117E}.Debug|Any CPU.ActiveCfg = Debug|Any CPU
		{6CCCEAB2-DF95-43F1-9376-20D3E190117E}.Debug|Any CPU.Build.0 = Debug|Any CPU
		{6CCCEAB2-DF95-43F1-9376-20D3E190117E}.Release|Any CPU.ActiveCfg = Release|Any CPU
		{6CCCEAB2-DF95-43F1-9376-20D3E190117E}.Release|Any CPU.Build.0 = Release|Any CPU
		{645D8EDC-4FCF-47E0-AEB9-FB42BCB72E1C}.Debug|Any CPU.ActiveCfg = Debug|Any CPU
		{645D8EDC-4FCF-47E0-AEB9-FB42BCB72E1C}.Debug|Any CPU.Build.0 = Debug|Any CPU
		{645D8EDC-4FCF-47E0-AEB9-FB42BCB72E1C}.Release|Any CPU.ActiveCfg = Release|Any CPU
		{645D8EDC-4FCF-47E0-AEB9-FB42BCB72E1C}.Release|Any CPU.Build.0 = Release|Any CPU
		{328F2A58-A16D-46A0-95E4-637A90948494}.Debug|Any CPU.ActiveCfg = Debug|Any CPU
		{328F2A58-A16D-46A0-95E4-637A90948494}.Debug|Any CPU.Build.0 = Debug|Any CPU
		{328F2A58-A16D-46A0-95E4-637A90948494}.Release|Any CPU.ActiveCfg = Release|Any CPU
		{328F2A58-A16D-46A0-95E4-637A90948494}.Release|Any CPU.Build.0 = Release|Any CPU
		{A7319800-B110-4AEA-A2F9-BDC2CEFF781B}.Debug|Any CPU.ActiveCfg = Debug|Any CPU
		{A7319800-B110-4AEA-A2F9-BDC2CEFF781B}.Debug|Any CPU.Build.0 = Debug|Any CPU
		{A7319800-B110-4AEA-A2F9-BDC2CEFF781B}.Release|Any CPU.ActiveCfg = Release|Any CPU
		{A7319800-B110-4AEA-A2F9-BDC2CEFF781B}.Release|Any CPU.Build.0 = Release|Any CPU
	EndGlobalSection
	GlobalSection(SolutionProperties) = preSolution
		HideSolutionNode = FALSE
	EndGlobalSection
	GlobalSection(ExtensibilityGlobals) = postSolution
		SolutionGuid = {BBB51317-5F25-4112-8774-918AF0854C11}
	EndGlobalSection
EndGlobal
