
Microsoft Visual Studio Solution File, Format Version 12.00
# Visual Studio Version 17
VisualStudioVersion = 17.3.32929.385
MinimumVisualStudioVersion = 10.0.40219.1
Project("{9A19103F-16F7-4668-BE54-9A1E7A4F7556}") = "Identity", "Identity\Identity.csproj", "{EACADF40-A902-426A-B676-8074C742A9C3}"
EndProject
Project("{E53339B2-1760-4266-BCC7-CA923CBCF16C}") = "docker-compose", "docker-compose.dcproj", "{5880F5E0-E8B5-4F53-A8C5-5DD3CC404AF3}"
EndProject
Project("{2150E333-8FDC-42A3-9474-1A3956D46DE8}") = "Solution Items", "Solution Items", "{A2C40747-DE2D-414F-95FA-5F8887AFD470}"
	ProjectSection(SolutionItems) = preProject
		.env = .env
	EndProjectSection
EndProject
Project("{9A19103F-16F7-4668-BE54-9A1E7A4F7556}") = "DemoAPI", "DemoAPI\DemoAPI.csproj", "{93629261-0BBE-488C-AAA5-2CF5B9AEDA88}"
EndProject
Project("{9A19103F-16F7-4668-BE54-9A1E7A4F7556}") = "DemoClient", "DemoClient\DemoClient.csproj", "{CEA5D432-73C4-4602-B27E-2D62847CBE26}"
EndProject
Project("{FAE04EC0-301F-11D3-BF4B-00C04F79EFBC}") = "Identity.UnitTest", "..\Identity.UnitTest\Identity.UnitTest.csproj", "{475AACCE-E3DC-4A6F-A05A-600468383014}"
EndProject
Global
	GlobalSection(SolutionConfigurationPlatforms) = preSolution
		Debug|Any CPU = Debug|Any CPU
		Release|Any CPU = Release|Any CPU
	EndGlobalSection
	GlobalSection(ProjectConfigurationPlatforms) = postSolution
		{EACADF40-A902-426A-B676-8074C742A9C3}.Debug|Any CPU.ActiveCfg = Debug|Any CPU
		{EACADF40-A902-426A-B676-8074C742A9C3}.Debug|Any CPU.Build.0 = Debug|Any CPU
		{EACADF40-A902-426A-B676-8074C742A9C3}.Release|Any CPU.ActiveCfg = Release|Any CPU
		{EACADF40-A902-426A-B676-8074C742A9C3}.Release|Any CPU.Build.0 = Release|Any CPU
		{5880F5E0-E8B5-4F53-A8C5-5DD3CC404AF3}.Debug|Any CPU.ActiveCfg = Debug|Any CPU
		{5880F5E0-E8B5-4F53-A8C5-5DD3CC404AF3}.Debug|Any CPU.Build.0 = Debug|Any CPU
		{5880F5E0-E8B5-4F53-A8C5-5DD3CC404AF3}.Release|Any CPU.ActiveCfg = Release|Any CPU
		{5880F5E0-E8B5-4F53-A8C5-5DD3CC404AF3}.Release|Any CPU.Build.0 = Release|Any CPU
		{93629261-0BBE-488C-AAA5-2CF5B9AEDA88}.Debug|Any CPU.ActiveCfg = Debug|Any CPU
		{93629261-0BBE-488C-AAA5-2CF5B9AEDA88}.Debug|Any CPU.Build.0 = Debug|Any CPU
		{93629261-0BBE-488C-AAA5-2CF5B9AEDA88}.Release|Any CPU.ActiveCfg = Release|Any CPU
		{93629261-0BBE-488C-AAA5-2CF5B9AEDA88}.Release|Any CPU.Build.0 = Release|Any CPU
		{CEA5D432-73C4-4602-B27E-2D62847CBE26}.Debug|Any CPU.ActiveCfg = Debug|Any CPU
		{CEA5D432-73C4-4602-B27E-2D62847CBE26}.Debug|Any CPU.Build.0 = Debug|Any CPU
		{CEA5D432-73C4-4602-B27E-2D62847CBE26}.Release|Any CPU.ActiveCfg = Release|Any CPU
		{CEA5D432-73C4-4602-B27E-2D62847CBE26}.Release|Any CPU.Build.0 = Release|Any CPU
		{475AACCE-E3DC-4A6F-A05A-600468383014}.Debug|Any CPU.ActiveCfg = Debug|Any CPU
		{475AACCE-E3DC-4A6F-A05A-600468383014}.Debug|Any CPU.Build.0 = Debug|Any CPU
		{475AACCE-E3DC-4A6F-A05A-600468383014}.Release|Any CPU.ActiveCfg = Release|Any CPU
		{475AACCE-E3DC-4A6F-A05A-600468383014}.Release|Any CPU.Build.0 = Release|Any CPU
	EndGlobalSection
	GlobalSection(SolutionProperties) = preSolution
		HideSolutionNode = FALSE
	EndGlobalSection
	GlobalSection(ExtensibilityGlobals) = postSolution
		SolutionGuid = {5B74B452-7AC7-4DD9-9E6F-EEB4D6A0C917}
	EndGlobalSection
EndGlobal
